// !$*UTF8*$!
{
	archiveVersion = 1;
	classes = {
	};
	objectVersion = 50;
	objects = {

/* Begin PBXBuildFile section */
		1DCCDE19019CDF919FA8D3AB /* Pods_Podcast.framework in Frameworks */ = {isa = PBXBuildFile; fileRef = 2C843A740B15B2821AC4D9B7 /* Pods_Podcast.framework */; };
		F23238BE255C2727000F09F9 /* Extensions.swift in Sources */ = {isa = PBXBuildFile; fileRef = F23238BD255C2727000F09F9 /* Extensions.swift */; };
		F23238C1255C2A27000F09F9 /* PodcastCategoryTableViewCell.swift in Sources */ = {isa = PBXBuildFile; fileRef = F23238C0255C2A27000F09F9 /* PodcastCategoryTableViewCell.swift */; };
		F23238C4255C3191000F09F9 /* PodcastListManager.swift in Sources */ = {isa = PBXBuildFile; fileRef = F23238C3255C3191000F09F9 /* PodcastListManager.swift */; };
		F23238C7255C4637000F09F9 /* PodcastCollectionViewCell.swift in Sources */ = {isa = PBXBuildFile; fileRef = F23238C6255C4637000F09F9 /* PodcastCollectionViewCell.swift */; };
		F23238CA255C4F1B000F09F9 /* PodcastItem.swift in Sources */ = {isa = PBXBuildFile; fileRef = F23238C9255C4F1B000F09F9 /* PodcastItem.swift */; };
		F23238CE255C50E0000F09F9 /* PodcastItemList.swift in Sources */ = {isa = PBXBuildFile; fileRef = F23238CD255C50E0000F09F9 /* PodcastItemList.swift */; };
		F23238D4255C53E2000F09F9 /* CuratedPodcast.swift in Sources */ = {isa = PBXBuildFile; fileRef = F23238D3255C53E2000F09F9 /* CuratedPodcast.swift */; };
		F23238D8255C5480000F09F9 /* PodcastAPIService.swift in Sources */ = {isa = PBXBuildFile; fileRef = F23238D7255C5480000F09F9 /* PodcastAPIService.swift */; };
		F23238DC255C5542000F09F9 /* HomeModule.swift in Sources */ = {isa = PBXBuildFile; fileRef = F23238DB255C5542000F09F9 /* HomeModule.swift */; };
		F272215E255C20170016107B /* AppDelegate.swift in Sources */ = {isa = PBXBuildFile; fileRef = F272215D255C20170016107B /* AppDelegate.swift */; };
		F2722162255C20170016107B /* HomeViewController.swift in Sources */ = {isa = PBXBuildFile; fileRef = F2722161255C20170016107B /* HomeViewController.swift */; };
		F2722167255C20190016107B /* Assets.xcassets in Resources */ = {isa = PBXBuildFile; fileRef = F2722166255C20190016107B /* Assets.xcassets */; };
		F272216A255C20190016107B /* LaunchScreen.storyboard in Resources */ = {isa = PBXBuildFile; fileRef = F2722168255C20190016107B /* LaunchScreen.storyboard */; };
		F2E94577255E6F6900879627 /* CuratedListResponse.json in Resources */ = {isa = PBXBuildFile; fileRef = F2E94576255E6F6900879627 /* CuratedListResponse.json */; };
/* End PBXBuildFile section */

/* Begin PBXFileReference section */
		2C843A740B15B2821AC4D9B7 /* Pods_Podcast.framework */ = {isa = PBXFileReference; explicitFileType = wrapper.framework; includeInIndex = 0; path = Pods_Podcast.framework; sourceTree = BUILT_PRODUCTS_DIR; };
		7962E8E0588802B3B9942ACE /* Pods-Podcast.debug.xcconfig */ = {isa = PBXFileReference; includeInIndex = 1; lastKnownFileType = text.xcconfig; name = "Pods-Podcast.debug.xcconfig"; path = "Target Support Files/Pods-Podcast/Pods-Podcast.debug.xcconfig"; sourceTree = "<group>"; };
		C18D6521A240377C6EA79261 /* Pods-Podcast.release.xcconfig */ = {isa = PBXFileReference; includeInIndex = 1; lastKnownFileType = text.xcconfig; name = "Pods-Podcast.release.xcconfig"; path = "Target Support Files/Pods-Podcast/Pods-Podcast.release.xcconfig"; sourceTree = "<group>"; };
		F23238BD255C2727000F09F9 /* Extensions.swift */ = {isa = PBXFileReference; lastKnownFileType = sourcecode.swift; path = Extensions.swift; sourceTree = "<group>"; };
		F23238C0255C2A27000F09F9 /* PodcastCategoryTableViewCell.swift */ = {isa = PBXFileReference; lastKnownFileType = sourcecode.swift; path = PodcastCategoryTableViewCell.swift; sourceTree = "<group>"; };
		F23238C3255C3191000F09F9 /* PodcastListManager.swift */ = {isa = PBXFileReference; lastKnownFileType = sourcecode.swift; path = PodcastListManager.swift; sourceTree = "<group>"; };
		F23238C6255C4637000F09F9 /* PodcastCollectionViewCell.swift */ = {isa = PBXFileReference; lastKnownFileType = sourcecode.swift; path = PodcastCollectionViewCell.swift; sourceTree = "<group>"; };
		F23238C9255C4F1B000F09F9 /* PodcastItem.swift */ = {isa = PBXFileReference; lastKnownFileType = sourcecode.swift; path = PodcastItem.swift; sourceTree = "<group>"; };
		F23238CD255C50E0000F09F9 /* PodcastItemList.swift */ = {isa = PBXFileReference; lastKnownFileType = sourcecode.swift; path = PodcastItemList.swift; sourceTree = "<group>"; };
		F23238D3255C53E2000F09F9 /* CuratedPodcast.swift */ = {isa = PBXFileReference; lastKnownFileType = sourcecode.swift; path = CuratedPodcast.swift; sourceTree = "<group>"; };
		F23238D7255C5480000F09F9 /* PodcastAPIService.swift */ = {isa = PBXFileReference; lastKnownFileType = sourcecode.swift; path = PodcastAPIService.swift; sourceTree = "<group>"; };
		F23238DB255C5542000F09F9 /* HomeModule.swift */ = {isa = PBXFileReference; lastKnownFileType = sourcecode.swift; path = HomeModule.swift; sourceTree = "<group>"; };
		F272215A255C20170016107B /* Podcast.app */ = {isa = PBXFileReference; explicitFileType = wrapper.application; includeInIndex = 0; path = Podcast.app; sourceTree = BUILT_PRODUCTS_DIR; };
		F272215D255C20170016107B /* AppDelegate.swift */ = {isa = PBXFileReference; lastKnownFileType = sourcecode.swift; path = AppDelegate.swift; sourceTree = "<group>"; };
		F2722161255C20170016107B /* HomeViewController.swift */ = {isa = PBXFileReference; lastKnownFileType = sourcecode.swift; path = HomeViewController.swift; sourceTree = "<group>"; };
		F2722166255C20190016107B /* Assets.xcassets */ = {isa = PBXFileReference; lastKnownFileType = folder.assetcatalog; path = Assets.xcassets; sourceTree = "<group>"; };
		F2722169255C20190016107B /* Base */ = {isa = PBXFileReference; lastKnownFileType = file.storyboard; name = Base; path = Base.lproj/LaunchScreen.storyboard; sourceTree = "<group>"; };
		F272216B255C20190016107B /* Info.plist */ = {isa = PBXFileReference; lastKnownFileType = text.plist.xml; path = Info.plist; sourceTree = "<group>"; };
		F2E94576255E6F6900879627 /* CuratedListResponse.json */ = {isa = PBXFileReference; lastKnownFileType = text.json; path = CuratedListResponse.json; sourceTree = "<group>"; };
/* End PBXFileReference section */

/* Begin PBXFrameworksBuildPhase section */
		F2722157255C20170016107B /* Frameworks */ = {
			isa = PBXFrameworksBuildPhase;
			buildActionMask = 2147483647;
			files = (
				1DCCDE19019CDF919FA8D3AB /* Pods_Podcast.framework in Frameworks */,
			);
			runOnlyForDeploymentPostprocessing = 0;
		};
/* End PBXFrameworksBuildPhase section */

/* Begin PBXGroup section */
		42A07FA416323EFADE6CA3AC /* Frameworks */ = {
			isa = PBXGroup;
			children = (
				2C843A740B15B2821AC4D9B7 /* Pods_Podcast.framework */,
			);
			name = Frameworks;
			sourceTree = "<group>";
		};
		7F9BA06410A000464F058AA0 /* Pods */ = {
			isa = PBXGroup;
			children = (
				7962E8E0588802B3B9942ACE /* Pods-Podcast.debug.xcconfig */,
				C18D6521A240377C6EA79261 /* Pods-Podcast.release.xcconfig */,
			);
			path = Pods;
			sourceTree = "<group>";
		};
		F23238B8255C24F9000F09F9 /* Module */ = {
			isa = PBXGroup;
			children = (
				F2E9457A255E714700879627 /* Common */,
				F23238B9255C250E000F09F9 /* Home */,
			);
			path = Module;
			sourceTree = "<group>";
		};
		F23238B9255C250E000F09F9 /* Home */ = {
			isa = PBXGroup;
			children = (
				F2722161255C20170016107B /* HomeViewController.swift */,
				F23238C0255C2A27000F09F9 /* PodcastCategoryTableViewCell.swift */,
				F23238C3255C3191000F09F9 /* PodcastListManager.swift */,
				F23238C6255C4637000F09F9 /* PodcastCollectionViewCell.swift */,
				F23238C9255C4F1B000F09F9 /* PodcastItem.swift */,
				F23238CD255C50E0000F09F9 /* PodcastItemList.swift */,
				F23238D3255C53E2000F09F9 /* CuratedPodcast.swift */,
				F23238DB255C5542000F09F9 /* HomeModule.swift */,
				F2E94576255E6F6900879627 /* CuratedListResponse.json */,
			);
			path = Home;
			sourceTree = "<group>";
		};
		F23238BC255C2716000F09F9 /* Extensions */ = {
			isa = PBXGroup;
			children = (
				F23238BD255C2727000F09F9 /* Extensions.swift */,
			);
			path = Extensions;
			sourceTree = "<group>";
		};
		F2722151255C20170016107B = {
			isa = PBXGroup;
			children = (
				F272215C255C20170016107B /* Podcast */,
				F272215B255C20170016107B /* Products */,
				7F9BA06410A000464F058AA0 /* Pods */,
				42A07FA416323EFADE6CA3AC /* Frameworks */,
			);
			sourceTree = "<group>";
		};
		F272215B255C20170016107B /* Products */ = {
			isa = PBXGroup;
			children = (
				F272215A255C20170016107B /* Podcast.app */,
			);
			name = Products;
			sourceTree = "<group>";
		};
		F272215C255C20170016107B /* Podcast */ = {
			isa = PBXGroup;
			children = (
				F23238BC255C2716000F09F9 /* Extensions */,
				F23238B8255C24F9000F09F9 /* Module */,
				F272215D255C20170016107B /* AppDelegate.swift */,
				F2722166255C20190016107B /* Assets.xcassets */,
				F2722168255C20190016107B /* LaunchScreen.storyboard */,
				F272216B255C20190016107B /* Info.plist */,
			);
			path = Podcast;
			sourceTree = "<group>";
		};
		F2E9457A255E714700879627 /* Common */ = {
			isa = PBXGroup;
			children = (
				F23238D7255C5480000F09F9 /* PodcastAPIService.swift */,
			);
			path = Common;
			sourceTree = "<group>";
		};
/* End PBXGroup section */

/* Begin PBXNativeTarget section */
		F2722159255C20170016107B /* Podcast */ = {
			isa = PBXNativeTarget;
			buildConfigurationList = F272216E255C20190016107B /* Build configuration list for PBXNativeTarget "Podcast" */;
			buildPhases = (
				429A02EB1EF71F9FFE39E98E /* [CP] Check Pods Manifest.lock */,
				F2722156255C20170016107B /* Sources */,
				F2722157255C20170016107B /* Frameworks */,
				F2722158255C20170016107B /* Resources */,
			);
			buildRules = (
			);
			dependencies = (
			);
			name = Podcast;
			productName = Podcast;
			productReference = F272215A255C20170016107B /* Podcast.app */;
			productType = "com.apple.product-type.application";
		};
/* End PBXNativeTarget section */

/* Begin PBXProject section */
		F2722152255C20170016107B /* Project object */ = {
			isa = PBXProject;
			attributes = {
				LastSwiftUpdateCheck = 1200;
				LastUpgradeCheck = 1200;
				TargetAttributes = {
					F2722159255C20170016107B = {
						CreatedOnToolsVersion = 12.0.1;
					};
				};
			};
			buildConfigurationList = F2722155255C20170016107B /* Build configuration list for PBXProject "Podcast" */;
			compatibilityVersion = "Xcode 9.3";
			developmentRegion = en;
			hasScannedForEncodings = 0;
			knownRegions = (
				en,
				Base,
			);
			mainGroup = F2722151255C20170016107B;
			productRefGroup = F272215B255C20170016107B /* Products */;
			projectDirPath = "";
			projectRoot = "";
			targets = (
				F2722159255C20170016107B /* Podcast */,
			);
		};
/* End PBXProject section */

/* Begin PBXResourcesBuildPhase section */
		F2722158255C20170016107B /* Resources */ = {
			isa = PBXResourcesBuildPhase;
			buildActionMask = 2147483647;
			files = (
				F272216A255C20190016107B /* LaunchScreen.storyboard in Resources */,
				F2722167255C20190016107B /* Assets.xcassets in Resources */,
				F2E94577255E6F6900879627 /* CuratedListResponse.json in Resources */,
			);
			runOnlyForDeploymentPostprocessing = 0;
		};
/* End PBXResourcesBuildPhase section */

/* Begin PBXShellScriptBuildPhase section */
		429A02EB1EF71F9FFE39E98E /* [CP] Check Pods Manifest.lock */ = {
			isa = PBXShellScriptBuildPhase;
			buildActionMask = 2147483647;
			files = (
			);
			inputFileListPaths = (
			);
			inputPaths = (
				"${PODS_PODFILE_DIR_PATH}/Podfile.lock",
				"${PODS_ROOT}/Manifest.lock",
			);
			name = "[CP] Check Pods Manifest.lock";
			outputFileListPaths = (
			);
			outputPaths = (
				"$(DERIVED_FILE_DIR)/Pods-Podcast-checkManifestLockResult.txt",
			);
			runOnlyForDeploymentPostprocessing = 0;
			shellPath = /bin/sh;
			shellScript = "diff \"${PODS_PODFILE_DIR_PATH}/Podfile.lock\" \"${PODS_ROOT}/Manifest.lock\" > /dev/null\nif [ $? != 0 ] ; then\n    # print error to STDERR\n    echo \"error: The sandbox is not in sync with the Podfile.lock. Run 'pod install' or update your CocoaPods installation.\" >&2\n    exit 1\nfi\n# This output is used by Xcode 'outputs' to avoid re-running this script phase.\necho \"SUCCESS\" > \"${SCRIPT_OUTPUT_FILE_0}\"\n";
			showEnvVarsInLog = 0;
		};
/* End PBXShellScriptBuildPhase section */

/* Begin PBXSourcesBuildPhase section */
		F2722156255C20170016107B /* Sources */ = {
			isa = PBXSourcesBuildPhase;
			buildActionMask = 2147483647;
			files = (
				F23238D8255C5480000F09F9 /* PodcastAPIService.swift in Sources */,
				F23238C1255C2A27000F09F9 /* PodcastCategoryTableViewCell.swift in Sources */,
				F23238CE255C50E0000F09F9 /* PodcastItemList.swift in Sources */,
				F23238D4255C53E2000F09F9 /* CuratedPodcast.swift in Sources */,
				F23238C7255C4637000F09F9 /* PodcastCollectionViewCell.swift in Sources */,
				F23238DC255C5542000F09F9 /* HomeModule.swift in Sources */,
				F23238CA255C4F1B000F09F9 /* PodcastItem.swift in Sources */,
				F2722162255C20170016107B /* HomeViewController.swift in Sources */,
				F23238C4255C3191000F09F9 /* PodcastListManager.swift in Sources */,
				F23238BE255C2727000F09F9 /* Extensions.swift in Sources */,
				F272215E255C20170016107B /* AppDelegate.swift in Sources */,
			);
			runOnlyForDeploymentPostprocessing = 0;
		};
/* End PBXSourcesBuildPhase section */

/* Begin PBXVariantGroup section */
		F2722168255C20190016107B /* LaunchScreen.storyboard */ = {
			isa = PBXVariantGroup;
			children = (
				F2722169255C20190016107B /* Base */,
			);
			name = LaunchScreen.storyboard;
			sourceTree = "<group>";
		};
/* End PBXVariantGroup section */

/* Begin XCBuildConfiguration section */
		F272216C255C20190016107B /* Debug */ = {
			isa = XCBuildConfiguration;
			buildSettings = {
				ALWAYS_SEARCH_USER_PATHS = NO;
				CLANG_ANALYZER_NONNULL = YES;
				CLANG_ANALYZER_NUMBER_OBJECT_CONVERSION = YES_AGGRESSIVE;
				CLANG_CXX_LANGUAGE_STANDARD = "gnu++14";
				CLANG_CXX_LIBRARY = "libc++";
				CLANG_ENABLE_MODULES = YES;
				CLANG_ENABLE_OBJC_ARC = YES;
				CLANG_ENABLE_OBJC_WEAK = YES;
				CLANG_WARN_BLOCK_CAPTURE_AUTORELEASING = YES;
				CLANG_WARN_BOOL_CONVERSION = YES;
				CLANG_WARN_COMMA = YES;
				CLANG_WARN_CONSTANT_CONVERSION = YES;
				CLANG_WARN_DEPRECATED_OBJC_IMPLEMENTATIONS = YES;
				CLANG_WARN_DIRECT_OBJC_ISA_USAGE = YES_ERROR;
				CLANG_WARN_DOCUMENTATION_COMMENTS = YES;
				CLANG_WARN_EMPTY_BODY = YES;
				CLANG_WARN_ENUM_CONVERSION = YES;
				CLANG_WARN_INFINITE_RECURSION = YES;
				CLANG_WARN_INT_CONVERSION = YES;
				CLANG_WARN_NON_LITERAL_NULL_CONVERSION = YES;
				CLANG_WARN_OBJC_IMPLICIT_RETAIN_SELF = YES;
				CLANG_WARN_OBJC_LITERAL_CONVERSION = YES;
				CLANG_WARN_OBJC_ROOT_CLASS = YES_ERROR;
				CLANG_WARN_QUOTED_INCLUDE_IN_FRAMEWORK_HEADER = YES;
				CLANG_WARN_RANGE_LOOP_ANALYSIS = YES;
				CLANG_WARN_STRICT_PROTOTYPES = YES;
				CLANG_WARN_SUSPICIOUS_MOVE = YES;
				CLANG_WARN_UNGUARDED_AVAILABILITY = YES_AGGRESSIVE;
				CLANG_WARN_UNREACHABLE_CODE = YES;
				CLANG_WARN__DUPLICATE_METHOD_MATCH = YES;
				COPY_PHASE_STRIP = NO;
				DEBUG_INFORMATION_FORMAT = dwarf;
				ENABLE_STRICT_OBJC_MSGSEND = YES;
				ENABLE_TESTABILITY = YES;
				GCC_C_LANGUAGE_STANDARD = gnu11;
				GCC_DYNAMIC_NO_PIC = NO;
				GCC_NO_COMMON_BLOCKS = YES;
				GCC_OPTIMIZATION_LEVEL = 0;
				GCC_PREPROCESSOR_DEFINITIONS = (
					"DEBUG=1",
					"$(inherited)",
				);
				GCC_WARN_64_TO_32_BIT_CONVERSION = YES;
				GCC_WARN_ABOUT_RETURN_TYPE = YES_ERROR;
				GCC_WARN_UNDECLARED_SELECTOR = YES;
				GCC_WARN_UNINITIALIZED_AUTOS = YES_AGGRESSIVE;
				GCC_WARN_UNUSED_FUNCTION = YES;
				GCC_WARN_UNUSED_VARIABLE = YES;
				IPHONEOS_DEPLOYMENT_TARGET = 14.0;
				MTL_ENABLE_DEBUG_INFO = INCLUDE_SOURCE;
				MTL_FAST_MATH = YES;
				ONLY_ACTIVE_ARCH = YES;
				SDKROOT = iphoneos;
				SWIFT_ACTIVE_COMPILATION_CONDITIONS = DEBUG;
				SWIFT_OPTIMIZATION_LEVEL = "-Onone";
			};
			name = Debug;
		};
		F272216D255C20190016107B /* Release */ = {
			isa = XCBuildConfiguration;
			buildSettings = {
				ALWAYS_SEARCH_USER_PATHS = NO;
				CLANG_ANALYZER_NONNULL = YES;
				CLANG_ANALYZER_NUMBER_OBJECT_CONVERSION = YES_AGGRESSIVE;
				CLANG_CXX_LANGUAGE_STANDARD = "gnu++14";
				CLANG_CXX_LIBRARY = "libc++";
				CLANG_ENABLE_MODULES = YES;
				CLANG_ENABLE_OBJC_ARC = YES;
				CLANG_ENABLE_OBJC_WEAK = YES;
				CLANG_WARN_BLOCK_CAPTURE_AUTORELEASING = YES;
				CLANG_WARN_BOOL_CONVERSION = YES;
				CLANG_WARN_COMMA = YES;
				CLANG_WARN_CONSTANT_CONVERSION = YES;
				CLANG_WARN_DEPRECATED_OBJC_IMPLEMENTATIONS = YES;
				CLANG_WARN_DIRECT_OBJC_ISA_USAGE = YES_ERROR;
				CLANG_WARN_DOCUMENTATION_COMMENTS = YES;
				CLANG_WARN_EMPTY_BODY = YES;
				CLANG_WARN_ENUM_CONVERSION = YES;
				CLANG_WARN_INFINITE_RECURSION = YES;
				CLANG_WARN_INT_CONVERSION = YES;
				CLANG_WARN_NON_LITERAL_NULL_CONVERSION = YES;
				CLANG_WARN_OBJC_IMPLICIT_RETAIN_SELF = YES;
				CLANG_WARN_OBJC_LITERAL_CONVERSION = YES;
				CLANG_WARN_OBJC_ROOT_CLASS = YES_ERROR;
				CLANG_WARN_QUOTED_INCLUDE_IN_FRAMEWORK_HEADER = YES;
				CLANG_WARN_RANGE_LOOP_ANALYSIS = YES;
				CLANG_WARN_STRICT_PROTOTYPES = YES;
				CLANG_WARN_SUSPICIOUS_MOVE = YES;
				CLANG_WARN_UNGUARDED_AVAILABILITY = YES_AGGRESSIVE;
				CLANG_WARN_UNREACHABLE_CODE = YES;
				CLANG_WARN__DUPLICATE_METHOD_MATCH = YES;
				COPY_PHASE_STRIP = NO;
				DEBUG_INFORMATION_FORMAT = "dwarf-with-dsym";
				ENABLE_NS_ASSERTIONS = NO;
				ENABLE_STRICT_OBJC_MSGSEND = YES;
				GCC_C_LANGUAGE_STANDARD = gnu11;
				GCC_NO_COMMON_BLOCKS = YES;
				GCC_WARN_64_TO_32_BIT_CONVERSION = YES;
				GCC_WARN_ABOUT_RETURN_TYPE = YES_ERROR;
				GCC_WARN_UNDECLARED_SELECTOR = YES;
				GCC_WARN_UNINITIALIZED_AUTOS = YES_AGGRESSIVE;
				GCC_WARN_UNUSED_FUNCTION = YES;
				GCC_WARN_UNUSED_VARIABLE = YES;
				IPHONEOS_DEPLOYMENT_TARGET = 14.0;
				MTL_ENABLE_DEBUG_INFO = NO;
				MTL_FAST_MATH = YES;
				SDKROOT = iphoneos;
				SWIFT_COMPILATION_MODE = wholemodule;
				SWIFT_OPTIMIZATION_LEVEL = "-O";
				VALIDATE_PRODUCT = YES;
			};
			name = Release;
		};
		F272216F255C20190016107B /* Debug */ = {
			isa = XCBuildConfiguration;
			baseConfigurationReference = 7962E8E0588802B3B9942ACE /* Pods-Podcast.debug.xcconfig */;
			buildSettings = {
				ASSETCATALOG_COMPILER_APPICON_NAME = AppIcon;
				ASSETCATALOG_COMPILER_GLOBAL_ACCENT_COLOR_NAME = AccentColor;
				CODE_SIGN_STYLE = Automatic;
				DEVELOPMENT_TEAM = UFPXYFK948;
				INFOPLIST_FILE = Podcast/Info.plist;
				LD_RUNPATH_SEARCH_PATHS = (
					"$(inherited)",
					"@executable_path/Frameworks",
				);
				PRODUCT_BUNDLE_IDENTIFIER = com.shailesh.aher.Podcast;
				PRODUCT_NAME = "$(TARGET_NAME)";
				SWIFT_VERSION = 5.0;
				TARGETED_DEVICE_FAMILY = "1,2";
			};
			name = Debug;
		};
		F2722170255C20190016107B /* Release */ = {
			isa = XCBuildConfiguration;
			baseConfigurationReference = C18D6521A240377C6EA79261 /* Pods-Podcast.release.xcconfig */;
			buildSettings = {
				ASSETCATALOG_COMPILER_APPICON_NAME = AppIcon;
				ASSETCATALOG_COMPILER_GLOBAL_ACCENT_COLOR_NAME = AccentColor;
				CODE_SIGN_STYLE = Automatic;
				DEVELOPMENT_TEAM = UFPXYFK948;
				INFOPLIST_FILE = Podcast/Info.plist;
				LD_RUNPATH_SEARCH_PATHS = (
					"$(inherited)",
					"@executable_path/Frameworks",
				);
				PRODUCT_BUNDLE_IDENTIFIER = com.shailesh.aher.Podcast;
				PRODUCT_NAME = "$(TARGET_NAME)";
				SWIFT_VERSION = 5.0;
				TARGETED_DEVICE_FAMILY = "1,2";
			};
			name = Release;
		};
/* End XCBuildConfiguration section */

/* Begin XCConfigurationList section */
		F2722155255C20170016107B /* Build configuration list for PBXProject "Podcast" */ = {
			isa = XCConfigurationList;
			buildConfigurations = (
				F272216C255C20190016107B /* Debug */,
				F272216D255C20190016107B /* Release */,
			);
			defaultConfigurationIsVisible = 0;
			defaultConfigurationName = Release;
		};
		F272216E255C20190016107B /* Build configuration list for PBXNativeTarget "Podcast" */ = {
			isa = XCConfigurationList;
			buildConfigurations = (
				F272216F255C20190016107B /* Debug */,
				F2722170255C20190016107B /* Release */,
			);
			defaultConfigurationIsVisible = 0;
			defaultConfigurationName = Release;
		};
/* End XCConfigurationList section */
	};
	rootObject = F2722152255C20170016107B /* Project object */;
}
